
Microsoft Visual Studio Solution File, Format Version 12.00
# Visual Studio Version 16
VisualStudioVersion = 16.0.30804.86
MinimumVisualStudioVersion = 10.0.40219.1
Project("{FAE04EC0-301F-11D3-BF4B-00C04F79EFBC}") = "OICAR_Desktop", "OICAR_Desktop\OICAR_Desktop.csproj", "{40855CBE-CD75-4E95-83E1-AAE99AA7D02A}"
EndProject
Global
	GlobalSection(SolutionConfigurationPlatforms) = preSolution
		Debug|Any CPU = Debug|Any CPU
		Release|Any CPU = Release|Any CPU
	EndGlobalSection
	GlobalSection(ProjectConfigurationPlatforms) = postSolution
		{40855CBE-CD75-4E95-83E1-AAE99AA7D02A}.Debug|Any CPU.ActiveCfg = Debug|Any CPU
		{40855CBE-CD75-4E95-83E1-AAE99AA7D02A}.Debug|Any CPU.Build.0 = Debug|Any CPU
		{40855CBE-CD75-4E95-83E1-AAE99AA7D02A}.Release|Any CPU.ActiveCfg = Release|Any CPU
		{40855CBE-CD75-4E95-83E1-AAE99AA7D02A}.Release|Any CPU.Build.0 = Release|Any CPU
	EndGlobalSection
	GlobalSection(SolutionProperties) = preSolution
		HideSolutionNode = FALSE
	EndGlobalSection
	GlobalSection(ExtensibilityGlobals) = postSolution
		SolutionGuid = {2D7C0345-5BB4-4303-89B2-BD83718308CB}
	EndGlobalSection
EndGlobal
